# This file is automatically @generated by Cargo.
# It is not intended for manual editing.
version = 3

[[package]]
name = "bin-rs"
version = "0.0.7"
source = "registry+https://github.com/rust-lang/crates.io-index"
checksum = "e62e12dae19127152eee5b5ff249a86100a01e388abbac4c22e9f97eb33d9c3d"

[[package]]
name = "fontloader"
version = "0.1.0"
dependencies = [
 "bin-rs",
]
