# This file is automatically @generated by Cargo.
# It is not intended for manual editing.
version = 3

[[package]]
name = "bin-rs"
version = "0.0.9"
source = "registry+https://github.com/rust-lang/crates.io-index"
checksum = "1bd4397ed51cf25473907e4f67156904fb18dda32d22f107c94be41b047e2461"

[[package]]
name = "fontloader"
version = "0.0.1"
dependencies = [
 "bin-rs",
]
